// !$*UTF8*$!
{
	archiveVersion = 1;
	classes = {
	};
	objectVersion = 46;
	objects = {

/* Begin PBXBuildFile section */
		4404C9AE1DD36EDC007F9C5D /* main.m in Sources */ = {isa = PBXBuildFile; fileRef = 4404C9AD1DD36EDC007F9C5D /* main.m */; };
		4404C9B11DD36EDC007F9C5D /* AppDelegate.m in Sources */ = {isa = PBXBuildFile; fileRef = 4404C9B01DD36EDC007F9C5D /* AppDelegate.m */; };
		4404C9B41DD36EDC007F9C5D /* ViewController.m in Sources */ = {isa = PBXBuildFile; fileRef = 4404C9B31DD36EDC007F9C5D /* ViewController.m */; };
		4404C9B71DD36EDC007F9C5D /* Main.storyboard in Resources */ = {isa = PBXBuildFile; fileRef = 4404C9B51DD36EDC007F9C5D /* Main.storyboard */; };
		4404C9B91DD36EDC007F9C5D /* Assets.xcassets in Resources */ = {isa = PBXBuildFile; fileRef = 4404C9B81DD36EDC007F9C5D /* Assets.xcassets */; };
		4404C9BC1DD36EDC007F9C5D /* LaunchScreen.storyboard in Resources */ = {isa = PBXBuildFile; fileRef = 4404C9BA1DD36EDC007F9C5D /* LaunchScreen.storyboard */; };
		4404C9C71DD36EDC007F9C5D /* MyTestTests.m in Sources */ = {isa = PBXBuildFile; fileRef = 4404C9C61DD36EDC007F9C5D /* MyTestTests.m */; };
		4404C9D21DD36EDC007F9C5D /* MyTestUITests.m in Sources */ = {isa = PBXBuildFile; fileRef = 4404C9D11DD36EDC007F9C5D /* MyTestUITests.m */; };
/* End PBXBuildFile section */

/* Begin PBXContainerItemProxy section */
		4404C9C31DD36EDC007F9C5D /* PBXContainerItemProxy */ = {
			isa = PBXContainerItemProxy;
			containerPortal = 4404C9A11DD36EDC007F9C5D /* Project object */;
			proxyType = 1;
			remoteGlobalIDString = 4404C9A81DD36EDC007F9C5D;
			remoteInfo = MyTest;
		};
		4404C9CE1DD36EDC007F9C5D /* PBXContainerItemProxy */ = {
			isa = PBXContainerItemProxy;
			containerPortal = 4404C9A11DD36EDC007F9C5D /* Project object */;
			proxyType = 1;
			remoteGlobalIDString = 4404C9A81DD36EDC007F9C5D;
			remoteInfo = MyTest;
		};
/* End PBXContainerItemProxy section */

/* Begin PBXFileReference section */
		4404C9A91DD36EDC007F9C5D /* MyTest.app */ = {isa = PBXFileReference; explicitFileType = wrapper.application; includeInIndex = 0; path = MyTest.app; sourceTree = BUILT_PRODUCTS_DIR; };
		4404C9AD1DD36EDC007F9C5D /* main.m */ = {isa = PBXFileReference; lastKnownFileType = sourcecode.c.objc; path = main.m; sourceTree = "<group>"; };
		4404C9AF1DD36EDC007F9C5D /* AppDelegate.h */ = {isa = PBXFileReference; lastKnownFileType = sourcecode.c.h; path = AppDelegate.h; sourceTree = "<group>"; };
		4404C9B01DD36EDC007F9C5D /* AppDelegate.m */ = {isa = PBXFileReference; lastKnownFileType = sourcecode.c.objc; path = AppDelegate.m; sourceTree = "<group>"; };
		4404C9B21DD36EDC007F9C5D /* ViewController.h */ = {isa = PBXFileReference; lastKnownFileType = sourcecode.c.h; path = ViewController.h; sourceTree = "<group>"; };
		4404C9B31DD36EDC007F9C5D /* ViewController.m */ = {isa = PBXFileReference; lastKnownFileType = sourcecode.c.objc; path = ViewController.m; sourceTree = "<group>"; };
		4404C9B61DD36EDC007F9C5D /* Base */ = {isa = PBXFileReference; lastKnownFileType = file.storyboard; name = Base; path = Base.lproj/Main.storyboard; sourceTree = "<group>"; };
		4404C9B81DD36EDC007F9C5D /* Assets.xcassets */ = {isa = PBXFileReference; lastKnownFileType = folder.assetcatalog; path = Assets.xcassets; sourceTree = "<group>"; };
		4404C9BB1DD36EDC007F9C5D /* Base */ = {isa = PBXFileReference; lastKnownFileType = file.storyboard; name = Base; path = Base.lproj/LaunchScreen.storyboard; sourceTree = "<group>"; };
		4404C9BD1DD36EDC007F9C5D /* Info.plist */ = {isa = PBXFileReference; lastKnownFileType = text.plist.xml; path = Info.plist; sourceTree = "<group>"; };
		4404C9C21DD36EDC007F9C5D /* MyTestTests.xctest */ = {isa = PBXFileReference; explicitFileType = wrapper.cfbundle; includeInIndex = 0; path = MyTestTests.xctest; sourceTree = BUILT_PRODUCTS_DIR; };
		4404C9C61DD36EDC007F9C5D /* MyTestTests.m */ = {isa = PBXFileReference; lastKnownFileType = sourcecode.c.objc; path = MyTestTests.m; sourceTree = "<group>"; };
		4404C9C81DD36EDC007F9C5D /* Info.plist */ = {isa = PBXFileReference; lastKnownFileType = text.plist.xml; path = Info.plist; sourceTree = "<group>"; };
		4404C9CD1DD36EDC007F9C5D /* MyTestUITests.xctest */ = {isa = PBXFileReference; explicitFileType = wrapper.cfbundle; includeInIndex = 0; path = MyTestUITests.xctest; sourceTree = BUILT_PRODUCTS_DIR; };
		4404C9D11DD36EDC007F9C5D /* MyTestUITests.m */ = {isa = PBXFileReference; lastKnownFileType = sourcecode.c.objc; path = MyTestUITests.m; sourceTree = "<group>"; };
		4404C9D31DD36EDC007F9C5D /* Info.plist */ = {isa = PBXFileReference; lastKnownFileType = text.plist.xml; path = Info.plist; sourceTree = "<group>"; };
/* End PBXFileReference section */

/* Begin PBXFrameworksBuildPhase section */
		4404C9A61DD36EDC007F9C5D /* Frameworks */ = {
			isa = PBXFrameworksBuildPhase;
			buildActionMask = 2147483647;
			files = (
			);
			runOnlyForDeploymentPostprocessing = 0;
		};
		4404C9BF1DD36EDC007F9C5D /* Frameworks */ = {
			isa = PBXFrameworksBuildPhase;
			buildActionMask = 2147483647;
			files = (
			);
			runOnlyForDeploymentPostprocessing = 0;
		};
		4404C9CA1DD36EDC007F9C5D /* Frameworks */ = {
			isa = PBXFrameworksBuildPhase;
			buildActionMask = 2147483647;
			files = (
			);
			runOnlyForDeploymentPostprocessing = 0;
		};
/* End PBXFrameworksBuildPhase section */

/* Begin PBXGroup section */
		4404C9A01DD36EDC007F9C5D = {
			isa = PBXGroup;
			children = (
				4404C9AB1DD36EDC007F9C5D /* MyTest */,
				4404C9C51DD36EDC007F9C5D /* MyTestTests */,
				4404C9D01DD36EDC007F9C5D /* MyTestUITests */,
				4404C9AA1DD36EDC007F9C5D /* Products */,
			);
			sourceTree = "<group>";
		};
		4404C9AA1DD36EDC007F9C5D /* Products */ = {
			isa = PBXGroup;
			children = (
				4404C9A91DD36EDC007F9C5D /* MyTest.app */,
				4404C9C21DD36EDC007F9C5D /* MyTestTests.xctest */,
				4404C9CD1DD36EDC007F9C5D /* MyTestUITests.xctest */,
			);
			name = Products;
			sourceTree = "<group>";
		};
		4404C9AB1DD36EDC007F9C5D /* MyTest */ = {
			isa = PBXGroup;
			children = (
				4404C9AF1DD36EDC007F9C5D /* AppDelegate.h */,
				4404C9B01DD36EDC007F9C5D /* AppDelegate.m */,
				4404C9B21DD36EDC007F9C5D /* ViewController.h */,
				4404C9B31DD36EDC007F9C5D /* ViewController.m */,
				4404C9B51DD36EDC007F9C5D /* Main.storyboard */,
				4404C9B81DD36EDC007F9C5D /* Assets.xcassets */,
				4404C9BA1DD36EDC007F9C5D /* LaunchScreen.storyboard */,
				4404C9BD1DD36EDC007F9C5D /* Info.plist */,
				4404C9AC1DD36EDC007F9C5D /* Supporting Files */,
			);
			path = MyTest;
			sourceTree = "<group>";
		};
		4404C9AC1DD36EDC007F9C5D /* Supporting Files */ = {
			isa = PBXGroup;
			children = (
				4404C9AD1DD36EDC007F9C5D /* main.m */,
			);
			name = "Supporting Files";
			sourceTree = "<group>";
		};
		4404C9C51DD36EDC007F9C5D /* MyTestTests */ = {
			isa = PBXGroup;
			children = (
				4404C9C61DD36EDC007F9C5D /* MyTestTests.m */,
				4404C9C81DD36EDC007F9C5D /* Info.plist */,
			);
			path = MyTestTests;
			sourceTree = "<group>";
		};
		4404C9D01DD36EDC007F9C5D /* MyTestUITests */ = {
			isa = PBXGroup;
			children = (
				4404C9D11DD36EDC007F9C5D /* MyTestUITests.m */,
				4404C9D31DD36EDC007F9C5D /* Info.plist */,
			);
			path = MyTestUITests;
			sourceTree = "<group>";
		};
/* End PBXGroup section */

/* Begin PBXNativeTarget section */
		4404C9A81DD36EDC007F9C5D /* MyTest */ = {
			isa = PBXNativeTarget;
			buildConfigurationList = 4404C9D61DD36EDC007F9C5D /* Build configuration list for PBXNativeTarget "MyTest" */;
			buildPhases = (
				4404C9A51DD36EDC007F9C5D /* Sources */,
				4404C9A61DD36EDC007F9C5D /* Frameworks */,
				4404C9A71DD36EDC007F9C5D /* Resources */,
			);
			buildRules = (
			);
			dependencies = (
			);
			name = MyTest;
			productName = MyTest;
			productReference = 4404C9A91DD36EDC007F9C5D /* MyTest.app */;
			productType = "com.apple.product-type.application";
		};
		4404C9C11DD36EDC007F9C5D /* MyTestTests */ = {
			isa = PBXNativeTarget;
			buildConfigurationList = 4404C9D91DD36EDC007F9C5D /* Build configuration list for PBXNativeTarget "MyTestTests" */;
			buildPhases = (
				4404C9BE1DD36EDC007F9C5D /* Sources */,
				4404C9BF1DD36EDC007F9C5D /* Frameworks */,
				4404C9C01DD36EDC007F9C5D /* Resources */,
			);
			buildRules = (
			);
			dependencies = (
				4404C9C41DD36EDC007F9C5D /* PBXTargetDependency */,
			);
			name = MyTestTests;
			productName = MyTestTests;
			productReference = 4404C9C21DD36EDC007F9C5D /* MyTestTests.xctest */;
			productType = "com.apple.product-type.bundle.unit-test";
		};
		4404C9CC1DD36EDC007F9C5D /* MyTestUITests */ = {
			isa = PBXNativeTarget;
			buildConfigurationList = 4404C9DC1DD36EDC007F9C5D /* Build configuration list for PBXNativeTarget "MyTestUITests" */;
			buildPhases = (
				4404C9C91DD36EDC007F9C5D /* Sources */,
				4404C9CA1DD36EDC007F9C5D /* Frameworks */,
				4404C9CB1DD36EDC007F9C5D /* Resources */,
			);
			buildRules = (
			);
			dependencies = (
				4404C9CF1DD36EDC007F9C5D /* PBXTargetDependency */,
			);
			name = MyTestUITests;
			productName = MyTestUITests;
			productReference = 4404C9CD1DD36EDC007F9C5D /* MyTestUITests.xctest */;
			productType = "com.apple.product-type.bundle.ui-testing";
		};
/* End PBXNativeTarget section */

/* Begin PBXProject section */
		4404C9A11DD36EDC007F9C5D /* Project object */ = {
			isa = PBXProject;
			attributes = {
				LastUpgradeCheck = 0800;
				ORGANIZATIONNAME = "叶贵忠";
				TargetAttributes = {
					4404C9A81DD36EDC007F9C5D = {
						CreatedOnToolsVersion = 8.0;
						DevelopmentTeam = W5BQJ2CD7H;
						ProvisioningStyle = Automatic;
					};
					4404C9C11DD36EDC007F9C5D = {
						CreatedOnToolsVersion = 8.0;
						DevelopmentTeam = W5BQJ2CD7H;
						ProvisioningStyle = Automatic;
						TestTargetID = 4404C9A81DD36EDC007F9C5D;
					};
					4404C9CC1DD36EDC007F9C5D = {
						CreatedOnToolsVersion = 8.0;
						DevelopmentTeam = W5BQJ2CD7H;
						ProvisioningStyle = Automatic;
						TestTargetID = 4404C9A81DD36EDC007F9C5D;
					};
				};
			};
			buildConfigurationList = 4404C9A41DD36EDC007F9C5D /* Build configuration list for PBXProject "MyTest" */;
			compatibilityVersion = "Xcode 3.2";
			developmentRegion = English;
			hasScannedForEncodings = 0;
			knownRegions = (
				en,
				Base,
			);
			mainGroup = 4404C9A01DD36EDC007F9C5D;
			productRefGroup = 4404C9AA1DD36EDC007F9C5D /* Products */;
			projectDirPath = "";
			projectRoot = "";
			targets = (
				4404C9A81DD36EDC007F9C5D /* MyTest */,
				4404C9C11DD36EDC007F9C5D /* MyTestTests */,
				4404C9CC1DD36EDC007F9C5D /* MyTestUITests */,
			);
		};
/* End PBXProject section */

/* Begin PBXResourcesBuildPhase section */
		4404C9A71DD36EDC007F9C5D /* Resources */ = {
			isa = PBXResourcesBuildPhase;
			buildActionMask = 2147483647;
			files = (
				4404C9BC1DD36EDC007F9C5D /* LaunchScreen.storyboard in Resources */,
				4404C9B91DD36EDC007F9C5D /* Assets.xcassets in Resources */,
				4404C9B71DD36EDC007F9C5D /* Main.storyboard in Resources */,
			);
			runOnlyForDeploymentPostprocessing = 0;
		};
		4404C9C01DD36EDC007F9C5D /* Resources */ = {
			isa = PBXResourcesBuildPhase;
			buildActionMask = 2147483647;
			files = (
			);
			runOnlyForDeploymentPostprocessing = 0;
		};
		4404C9CB1DD36EDC007F9C5D /* Resources */ = {
			isa = PBXResourcesBuildPhase;
			buildActionMask = 2147483647;
			files = (
			);
			runOnlyForDeploymentPostprocessing = 0;
		};
/* End PBXResourcesBuildPhase section */

/* Begin PBXSourcesBuildPhase section */
		4404C9A51DD36EDC007F9C5D /* Sources */ = {
			isa = PBXSourcesBuildPhase;
			buildActionMask = 2147483647;
			files = (
				4404C9B41DD36EDC007F9C5D /* ViewController.m in Sources */,
				4404C9B11DD36EDC007F9C5D /* AppDelegate.m in Sources */,
				4404C9AE1DD36EDC007F9C5D /* main.m in Sources */,
			);
			runOnlyForDeploymentPostprocessing = 0;
		};
		4404C9BE1DD36EDC007F9C5D /* Sources */ = {
			isa = PBXSourcesBuildPhase;
			buildActionMask = 2147483647;
			files = (
				4404C9C71DD36EDC007F9C5D /* MyTestTests.m in Sources */,
			);
			runOnlyForDeploymentPostprocessing = 0;
		};
		4404C9C91DD36EDC007F9C5D /* Sources */ = {
			isa = PBXSourcesBuildPhase;
			buildActionMask = 2147483647;
			files = (
				4404C9D21DD36EDC007F9C5D /* MyTestUITests.m in Sources */,
			);
			runOnlyForDeploymentPostprocessing = 0;
		};
/* End PBXSourcesBuildPhase section */

/* Begin PBXTargetDependency section */
		4404C9C41DD36EDC007F9C5D /* PBXTargetDependency */ = {
			isa = PBXTargetDependency;
			target = 4404C9A81DD36EDC007F9C5D /* MyTest */;
			targetProxy = 4404C9C31DD36EDC007F9C5D /* PBXContainerItemProxy */;
		};
		4404C9CF1DD36EDC007F9C5D /* PBXTargetDependency */ = {
			isa = PBXTargetDependency;
			target = 4404C9A81DD36EDC007F9C5D /* MyTest */;
			targetProxy = 4404C9CE1DD36EDC007F9C5D /* PBXContainerItemProxy */;
		};
/* End PBXTargetDependency section */

/* Begin PBXVariantGroup section */
		4404C9B51DD36EDC007F9C5D /* Main.storyboard */ = {
			isa = PBXVariantGroup;
			children = (
				4404C9B61DD36EDC007F9C5D /* Base */,
			);
			name = Main.storyboard;
			sourceTree = "<group>";
		};
		4404C9BA1DD36EDC007F9C5D /* LaunchScreen.storyboard */ = {
			isa = PBXVariantGroup;
			children = (
				4404C9BB1DD36EDC007F9C5D /* Base */,
			);
			name = LaunchScreen.storyboard;
			sourceTree = "<group>";
		};
/* End PBXVariantGroup section */

/* Begin XCBuildConfiguration section */
		4404C9D41DD36EDC007F9C5D /* Debug */ = {
			isa = XCBuildConfiguration;
			buildSettings = {
				ALWAYS_SEARCH_USER_PATHS = NO;
				CLANG_ANALYZER_NONNULL = YES;
				CLANG_CXX_LANGUAGE_STANDARD = "gnu++0x";
				CLANG_CXX_LIBRARY = "libc++";
				CLANG_ENABLE_MODULES = YES;
				CLANG_ENABLE_OBJC_ARC = YES;
				CLANG_WARN_BOOL_CONVERSION = YES;
				CLANG_WARN_CONSTANT_CONVERSION = YES;
				CLANG_WARN_DIRECT_OBJC_ISA_USAGE = YES_ERROR;
				CLANG_WARN_DOCUMENTATION_COMMENTS = YES;
				CLANG_WARN_EMPTY_BODY = YES;
				CLANG_WARN_ENUM_CONVERSION = YES;
				CLANG_WARN_INFINITE_RECURSION = YES;
				CLANG_WARN_INT_CONVERSION = YES;
				CLANG_WARN_OBJC_ROOT_CLASS = YES_ERROR;
				CLANG_WARN_SUSPICIOUS_MOVES = YES;
				CLANG_WARN_UNREACHABLE_CODE = YES;
				CLANG_WARN__DUPLICATE_METHOD_MATCH = YES;
				"CODE_SIGN_IDENTITY[sdk=iphoneos*]" = "iPhone Developer";
				COPY_PHASE_STRIP = NO;
				DEBUG_INFORMATION_FORMAT = dwarf;
				ENABLE_STRICT_OBJC_MSGSEND = YES;
				ENABLE_TESTABILITY = YES;
				GCC_C_LANGUAGE_STANDARD = gnu99;
				GCC_DYNAMIC_NO_PIC = NO;
				GCC_NO_COMMON_BLOCKS = YES;
				GCC_OPTIMIZATION_LEVEL = 0;
				GCC_PREPROCESSOR_DEFINITIONS = (
					"DEBUG=1",
					"$(inherited)",
				);
				GCC_WARN_64_TO_32_BIT_CONVERSION = YES;
				GCC_WARN_ABOUT_RETURN_TYPE = YES_ERROR;
				GCC_WARN_UNDECLARED_SELECTOR = YES;
				GCC_WARN_UNINITIALIZED_AUTOS = YES_AGGRESSIVE;
				GCC_WARN_UNUSED_FUNCTION = YES;
				GCC_WARN_UNUSED_VARIABLE = YES;
				IPHONEOS_DEPLOYMENT_TARGET = 10.0;
				MTL_ENABLE_DEBUG_INFO = YES;
				ONLY_ACTIVE_ARCH = YES;
				SDKROOT = iphoneos;
				TARGETED_DEVICE_FAMILY = "1,2";
			};
			name = Debug;
		};
		4404C9D51DD36EDC007F9C5D /* Release */ = {
			isa = XCBuildConfiguration;
			buildSettings = {
				ALWAYS_SEARCH_USER_PATHS = NO;
				CLANG_ANALYZER_NONNULL = YES;
				CLANG_CXX_LANGUAGE_STANDARD = "gnu++0x";
				CLANG_CXX_LIBRARY = "libc++";
				CLANG_ENABLE_MODULES = YES;
				CLANG_ENABLE_OBJC_ARC = YES;
				CLANG_WARN_BOOL_CONVERSION = YES;
				CLANG_WARN_CONSTANT_CONVERSION = YES;
				CLANG_WARN_DIRECT_OBJC_ISA_USAGE = YES_ERROR;
				CLANG_WARN_DOCUMENTATION_COMMENTS = YES;
				CLANG_WARN_EMPTY_BODY = YES;
				CLANG_WARN_ENUM_CONVERSION = YES;
				CLANG_WARN_INFINITE_RECURSION = YES;
				CLANG_WARN_INT_CONVERSION = YES;
				CLANG_WARN_OBJC_ROOT_CLASS = YES_ERROR;
				CLANG_WARN_SUSPICIOUS_MOVES = YES;
				CLANG_WARN_UNREACHABLE_CODE = YES;
				CLANG_WARN__DUPLICATE_METHOD_MATCH = YES;
				"CODE_SIGN_IDENTITY[sdk=iphoneos*]" = "iPhone Developer";
				COPY_PHASE_STRIP = NO;
				DEBUG_INFORMATION_FORMAT = "dwarf-with-dsym";
				ENABLE_NS_ASSERTIONS = NO;
				ENABLE_STRICT_OBJC_MSGSEND = YES;
				GCC_C_LANGUAGE_STANDARD = gnu99;
				GCC_NO_COMMON_BLOCKS = YES;
				GCC_WARN_64_TO_32_BIT_CONVERSION = YES;
				GCC_WARN_ABOUT_RETURN_TYPE = YES_ERROR;
				GCC_WARN_UNDECLARED_SELECTOR = YES;
				GCC_WARN_UNINITIALIZED_AUTOS = YES_AGGRESSIVE;
				GCC_WARN_UNUSED_FUNCTION = YES;
				GCC_WARN_UNUSED_VARIABLE = YES;
				IPHONEOS_DEPLOYMENT_TARGET = 10.0;
				MTL_ENABLE_DEBUG_INFO = NO;
				SDKROOT = iphoneos;
				TARGETED_DEVICE_FAMILY = "1,2";
				VALIDATE_PRODUCT = YES;
			};
			name = Release;
		};
		4404C9D71DD36EDC007F9C5D /* Debug */ = {
			isa = XCBuildConfiguration;
			buildSettings = {
				ASSETCATALOG_COMPILER_APPICON_NAME = AppIcon;
				DEVELOPMENT_TEAM = W5BQJ2CD7H;
				INFOPLIST_FILE = MyTest/Info.plist;
				LD_RUNPATH_SEARCH_PATHS = "$(inherited) @executable_path/Frameworks";
				PRODUCT_BUNDLE_IDENTIFIER = yeguizhong.MyTest;
				PRODUCT_NAME = "$(TARGET_NAME)";
			};
			name = Debug;
		};
		4404C9D81DD36EDC007F9C5D /* Release */ = {
			isa = XCBuildConfiguration;
			buildSettings = {
				ASSETCATALOG_COMPILER_APPICON_NAME = AppIcon;
				DEVELOPMENT_TEAM = W5BQJ2CD7H;
				INFOPLIST_FILE = MyTest/Info.plist;
				LD_RUNPATH_SEARCH_PATHS = "$(inherited) @executable_path/Frameworks";
				PRODUCT_BUNDLE_IDENTIFIER = yeguizhong.MyTest;
				PRODUCT_NAME = "$(TARGET_NAME)";
			};
			name = Release;
		};
		4404C9DA1DD36EDC007F9C5D /* Debug */ = {
			isa = XCBuildConfiguration;
			buildSettings = {
				BUNDLE_LOADER = "$(TEST_HOST)";
				DEVELOPMENT_TEAM = W5BQJ2CD7H;
				INFOPLIST_FILE = MyTestTests/Info.plist;
				LD_RUNPATH_SEARCH_PATHS = "$(inherited) @executable_path/Frameworks @loader_path/Frameworks";
				PRODUCT_BUNDLE_IDENTIFIER = yeguizhong.MyTestTests;
				PRODUCT_NAME = "$(TARGET_NAME)";
				TEST_HOST = "$(BUILT_PRODUCTS_DIR)/MyTest.app/MyTest";
			};
			name = Debug;
		};
		4404C9DB1DD36EDC007F9C5D /* Release */ = {
			isa = XCBuildConfiguration;
			buildSettings = {
				BUNDLE_LOADER = "$(TEST_HOST)";
				DEVELOPMENT_TEAM = W5BQJ2CD7H;
				INFOPLIST_FILE = MyTestTests/Info.plist;
				LD_RUNPATH_SEARCH_PATHS = "$(inherited) @executable_path/Frameworks @loader_path/Frameworks";
				PRODUCT_BUNDLE_IDENTIFIER = yeguizhong.MyTestTests;
				PRODUCT_NAME = "$(TARGET_NAME)";
				TEST_HOST = "$(BUILT_PRODUCTS_DIR)/MyTest.app/MyTest";
			};
			name = Release;
		};
		4404C9DD1DD36EDC007F9C5D /* Debug */ = {
			isa = XCBuildConfiguration;
			buildSettings = {
				DEVELOPMENT_TEAM = W5BQJ2CD7H;
				INFOPLIST_FILE = MyTestUITests/Info.plist;
				LD_RUNPATH_SEARCH_PATHS = "$(inherited) @executable_path/Frameworks @loader_path/Frameworks";
				PRODUCT_BUNDLE_IDENTIFIER = yeguizhong.MyTestUITests;
				PRODUCT_NAME = "$(TARGET_NAME)";
				TEST_TARGET_NAME = MyTest;
			};
			name = Debug;
		};
		4404C9DE1DD36EDC007F9C5D /* Release */ = {
			isa = XCBuildConfiguration;
			buildSettings = {
				DEVELOPMENT_TEAM = W5BQJ2CD7H;
				INFOPLIST_FILE = MyTestUITests/Info.plist;
				LD_RUNPATH_SEARCH_PATHS = "$(inherited) @executable_path/Frameworks @loader_path/Frameworks";
				PRODUCT_BUNDLE_IDENTIFIER = yeguizhong.MyTestUITests;
				PRODUCT_NAME = "$(TARGET_NAME)";
				TEST_TARGET_NAME = MyTest;
			};
			name = Release;
		};
/* End XCBuildConfiguration section */

/* Begin XCConfigurationList section */
		4404C9A41DD36EDC007F9C5D /* Build configuration list for PBXProject "MyTest" */ = {
			isa = XCConfigurationList;
			buildConfigurations = (
				4404C9D41DD36EDC007F9C5D /* Debug */,
				4404C9D51DD36EDC007F9C5D /* Release */,
			);
			defaultConfigurationIsVisible = 0;
			defaultConfigurationName = Release;
		};
		4404C9D61DD36EDC007F9C5D /* Build configuration list for PBXNativeTarget "MyTest" */ = {
			isa = XCConfigurationList;
			buildConfigurations = (
				4404C9D71DD36EDC007F9C5D /* Debug */,
				4404C9D81DD36EDC007F9C5D /* Release */,
			);
			defaultConfigurationIsVisible = 0;
		};
		4404C9D91DD36EDC007F9C5D /* Build configuration list for PBXNativeTarget "MyTestTests" */ = {
			isa = XCConfigurationList;
			buildConfigurations = (
				4404C9DA1DD36EDC007F9C5D /* Debug */,
				4404C9DB1DD36EDC007F9C5D /* Release */,
			);
			defaultConfigurationIsVisible = 0;
		};
		4404C9DC1DD36EDC007F9C5D /* Build configuration list for PBXNativeTarget "MyTestUITests" */ = {
			isa = XCConfigurationList;
			buildConfigurations = (
				4404C9DD1DD36EDC007F9C5D /* Debug */,
				4404C9DE1DD36EDC007F9C5D /* Release */,
			);
			defaultConfigurationIsVisible = 0;
		};
/* End XCConfigurationList section */
	};
	rootObject = 4404C9A11DD36EDC007F9C5D /* Project object */;
}
